// !$*UTF8*$!
{
	archiveVersion = 1;
	classes = {
	};
	objectVersion = 46;
	objects = {

/* Begin PBXBuildFile section */
		231595791C846DA3009C3607 /* main.m in Sources */ = {isa = PBXBuildFile; fileRef = 231595781C846DA3009C3607 /* main.m */; };
		2315957C1C846DA3009C3607 /* AppDelegate.m in Sources */ = {isa = PBXBuildFile; fileRef = 2315957B1C846DA3009C3607 /* AppDelegate.m */; };
		2315957F1C846DA3009C3607 /* ViewController.m in Sources */ = {isa = PBXBuildFile; fileRef = 2315957E1C846DA3009C3607 /* ViewController.m */; };
		231595821C846DA3009C3607 /* Main.storyboard in Resources */ = {isa = PBXBuildFile; fileRef = 231595801C846DA3009C3607 /* Main.storyboard */; };
		231595841C846DA3009C3607 /* Assets.xcassets in Resources */ = {isa = PBXBuildFile; fileRef = 231595831C846DA3009C3607 /* Assets.xcassets */; };
		231595871C846DA3009C3607 /* LaunchScreen.storyboard in Resources */ = {isa = PBXBuildFile; fileRef = 231595851C846DA3009C3607 /* LaunchScreen.storyboard */; };
/* End PBXBuildFile section */

/* Begin PBXFileReference section */
		231595741C846DA2009C3607 /* ApplePay.app */ = {isa = PBXFileReference; explicitFileType = wrapper.application; includeInIndex = 0; path = ApplePay.app; sourceTree = BUILT_PRODUCTS_DIR; };
		231595781C846DA3009C3607 /* main.m */ = {isa = PBXFileReference; lastKnownFileType = sourcecode.c.objc; path = main.m; sourceTree = "<group>"; };
		2315957A1C846DA3009C3607 /* AppDelegate.h */ = {isa = PBXFileReference; lastKnownFileType = sourcecode.c.h; path = AppDelegate.h; sourceTree = "<group>"; };
		2315957B1C846DA3009C3607 /* AppDelegate.m */ = {isa = PBXFileReference; lastKnownFileType = sourcecode.c.objc; path = AppDelegate.m; sourceTree = "<group>"; };
		2315957D1C846DA3009C3607 /* ViewController.h */ = {isa = PBXFileReference; lastKnownFileType = sourcecode.c.h; path = ViewController.h; sourceTree = "<group>"; };
		2315957E1C846DA3009C3607 /* ViewController.m */ = {isa = PBXFileReference; lastKnownFileType = sourcecode.c.objc; path = ViewController.m; sourceTree = "<group>"; };
		231595811C846DA3009C3607 /* Base */ = {isa = PBXFileReference; lastKnownFileType = file.storyboard; name = Base; path = Base.lproj/Main.storyboard; sourceTree = "<group>"; };
		231595831C846DA3009C3607 /* Assets.xcassets */ = {isa = PBXFileReference; lastKnownFileType = folder.assetcatalog; path = Assets.xcassets; sourceTree = "<group>"; };
		231595861C846DA3009C3607 /* Base */ = {isa = PBXFileReference; lastKnownFileType = file.storyboard; name = Base; path = Base.lproj/LaunchScreen.storyboard; sourceTree = "<group>"; };
		231595881C846DA3009C3607 /* Info.plist */ = {isa = PBXFileReference; lastKnownFileType = text.plist.xml; path = Info.plist; sourceTree = "<group>"; };
/* End PBXFileReference section */

/* Begin PBXFrameworksBuildPhase section */
		231595711C846DA2009C3607 /* Frameworks */ = {
			isa = PBXFrameworksBuildPhase;
			buildActionMask = 2147483647;
			files = (
			);
			runOnlyForDeploymentPostprocessing = 0;
		};
/* End PBXFrameworksBuildPhase section */

/* Begin PBXGroup section */
		2315956B1C846DA2009C3607 = {
			isa = PBXGroup;
			children = (
				231595761C846DA2009C3607 /* ApplePay */,
				231595751C846DA2009C3607 /* Products */,
			);
			sourceTree = "<group>";
		};
		231595751C846DA2009C3607 /* Products */ = {
			isa = PBXGroup;
			children = (
				231595741C846DA2009C3607 /* ApplePay.app */,
			);
			name = Products;
			sourceTree = "<group>";
		};
		231595761C846DA2009C3607 /* ApplePay */ = {
			isa = PBXGroup;
			children = (
				2315957A1C846DA3009C3607 /* AppDelegate.h */,
				2315957B1C846DA3009C3607 /* AppDelegate.m */,
				2315957D1C846DA3009C3607 /* ViewController.h */,
				2315957E1C846DA3009C3607 /* ViewController.m */,
				231595801C846DA3009C3607 /* Main.storyboard */,
				231595831C846DA3009C3607 /* Assets.xcassets */,
				231595851C846DA3009C3607 /* LaunchScreen.storyboard */,
				231595881C846DA3009C3607 /* Info.plist */,
				231595771C846DA3009C3607 /* Supporting Files */,
			);
			path = ApplePay;
			sourceTree = "<group>";
		};
		231595771C846DA3009C3607 /* Supporting Files */ = {
			isa = PBXGroup;
			children = (
				231595781C846DA3009C3607 /* main.m */,
			);
			name = "Supporting Files";
			sourceTree = "<group>";
		};
/* End PBXGroup section */

/* Begin PBXNativeTarget section */
		231595731C846DA2009C3607 /* ApplePay */ = {
			isa = PBXNativeTarget;
			buildConfigurationList = 2315958B1C846DA3009C3607 /* Build configuration list for PBXNativeTarget "ApplePay" */;
			buildPhases = (
				231595701C846DA2009C3607 /* Sources */,
				231595711C846DA2009C3607 /* Frameworks */,
				231595721C846DA2009C3607 /* Resources */,
			);
			buildRules = (
			);
			dependencies = (
			);
			name = ApplePay;
			productName = ApplePay;
			productReference = 231595741C846DA2009C3607 /* ApplePay.app */;
			productType = "com.apple.product-type.application";
		};
/* End PBXNativeTarget section */

/* Begin PBXProject section */
		2315956C1C846DA2009C3607 /* Project object */ = {
			isa = PBXProject;
			attributes = {
				LastUpgradeCheck = 0720;
				ORGANIZATIONNAME = bukaopu;
				TargetAttributes = {
					231595731C846DA2009C3607 = {
						CreatedOnToolsVersion = 7.2.1;
					};
				};
			};
			buildConfigurationList = 2315956F1C846DA2009C3607 /* Build configuration list for PBXProject "ApplePay" */;
			compatibilityVersion = "Xcode 3.2";
			developmentRegion = English;
			hasScannedForEncodings = 0;
			knownRegions = (
				en,
				Base,
			);
			mainGroup = 2315956B1C846DA2009C3607;
			productRefGroup = 231595751C846DA2009C3607 /* Products */;
			projectDirPath = "";
			projectRoot = "";
			targets = (
				231595731C846DA2009C3607 /* ApplePay */,
			);
		};
/* End PBXProject section */

/* Begin PBXResourcesBuildPhase section */
		231595721C846DA2009C3607 /* Resources */ = {
			isa = PBXResourcesBuildPhase;
			buildActionMask = 2147483647;
			files = (
				231595871C846DA3009C3607 /* LaunchScreen.storyboard in Resources */,
				231595841C846DA3009C3607 /* Assets.xcassets in Resources */,
				231595821C846DA3009C3607 /* Main.storyboard in Resources */,
			);
			runOnlyForDeploymentPostprocessing = 0;
		};
/* End PBXResourcesBuildPhase section */

/* Begin PBXSourcesBuildPhase section */
		231595701C846DA2009C3607 /* Sources */ = {
			isa = PBXSourcesBuildPhase;
			buildActionMask = 2147483647;
			files = (
				2315957F1C846DA3009C3607 /* ViewController.m in Sources */,
				2315957C1C846DA3009C3607 /* AppDelegate.m in Sources */,
				231595791C846DA3009C3607 /* main.m in Sources */,
			);
			runOnlyForDeploymentPostprocessing = 0;
		};
/* End PBXSourcesBuildPhase section */

/* Begin PBXVariantGroup section */
		231595801C846DA3009C3607 /* Main.storyboard */ = {
			isa = PBXVariantGroup;
			children = (
				231595811C846DA3009C3607 /* Base */,
			);
			name = Main.storyboard;
			sourceTree = "<group>";
		};
		231595851C846DA3009C3607 /* LaunchScreen.storyboard */ = {
			isa = PBXVariantGroup;
			children = (
				231595861C846DA3009C3607 /* Base */,
			);
			name = LaunchScreen.storyboard;
			sourceTree = "<group>";
		};
/* End PBXVariantGroup section */

/* Begin XCBuildConfiguration section */
		231595891C846DA3009C3607 /* Debug */ = {
			isa = XCBuildConfiguration;
			buildSettings = {
				ALWAYS_SEARCH_USER_PATHS = NO;
				CLANG_CXX_LANGUAGE_STANDARD = "gnu++0x";
				CLANG_CXX_LIBRARY = "libc++";
				CLANG_ENABLE_MODULES = YES;
				CLANG_ENABLE_OBJC_ARC = YES;
				CLANG_WARN_BOOL_CONVERSION = YES;
				CLANG_WARN_CONSTANT_CONVERSION = YES;
				CLANG_WARN_DIRECT_OBJC_ISA_USAGE = YES_ERROR;
				CLANG_WARN_EMPTY_BODY = YES;
				CLANG_WARN_ENUM_CONVERSION = YES;
				CLANG_WARN_INT_CONVERSION = YES;
				CLANG_WARN_OBJC_ROOT_CLASS = YES_ERROR;
				CLANG_WARN_UNREACHABLE_CODE = YES;
				CLANG_WARN__DUPLICATE_METHOD_MATCH = YES;
				"CODE_SIGN_IDENTITY[sdk=iphoneos*]" = "iPhone Developer";
				COPY_PHASE_STRIP = NO;
				DEBUG_INFORMATION_FORMAT = dwarf;
				ENABLE_STRICT_OBJC_MSGSEND = YES;
				ENABLE_TESTABILITY = YES;
				GCC_C_LANGUAGE_STANDARD = gnu99;
				GCC_DYNAMIC_NO_PIC = NO;
				GCC_NO_COMMON_BLOCKS = YES;
				GCC_OPTIMIZATION_LEVEL = 0;
				GCC_PREPROCESSOR_DEFINITIONS = (
					"DEBUG=1",
					"$(inherited)",
				);
				GCC_WARN_64_TO_32_BIT_CONVERSION = YES;
				GCC_WARN_ABOUT_RETURN_TYPE = YES_ERROR;
				GCC_WARN_UNDECLARED_SELECTOR = YES;
				GCC_WARN_UNINITIALIZED_AUTOS = YES_AGGRESSIVE;
				GCC_WARN_UNUSED_FUNCTION = YES;
				GCC_WARN_UNUSED_VARIABLE = YES;
				IPHONEOS_DEPLOYMENT_TARGET = 9.2;
				MTL_ENABLE_DEBUG_INFO = YES;
				ONLY_ACTIVE_ARCH = YES;
				SDKROOT = iphoneos;
			};
			name = Debug;
		};
		2315958A1C846DA3009C3607 /* Release */ = {
			isa = XCBuildConfiguration;
			buildSettings = {
				ALWAYS_SEARCH_USER_PATHS = NO;
				CLANG_CXX_LANGUAGE_STANDARD = "gnu++0x";
				CLANG_CXX_LIBRARY = "libc++";
				CLANG_ENABLE_MODULES = YES;
				CLANG_ENABLE_OBJC_ARC = YES;
				CLANG_WARN_BOOL_CONVERSION = YES;
				CLANG_WARN_CONSTANT_CONVERSION = YES;
				CLANG_WARN_DIRECT_OBJC_ISA_USAGE = YES_ERROR;
				CLANG_WARN_EMPTY_BODY = YES;
				CLANG_WARN_ENUM_CONVERSION = YES;
				CLANG_WARN_INT_CONVERSION = YES;
				CLANG_WARN_OBJC_ROOT_CLASS = YES_ERROR;
				CLANG_WARN_UNREACHABLE_CODE = YES;
				CLANG_WARN__DUPLICATE_METHOD_MATCH = YES;
				"CODE_SIGN_IDENTITY[sdk=iphoneos*]" = "iPhone Developer";
				COPY_PHASE_STRIP = NO;
				DEBUG_INFORMATION_FORMAT = "dwarf-with-dsym";
				ENABLE_NS_ASSERTIONS = NO;
				ENABLE_STRICT_OBJC_MSGSEND = YES;
				GCC_C_LANGUAGE_STANDARD = gnu99;
				GCC_NO_COMMON_BLOCKS = YES;
				GCC_WARN_64_TO_32_BIT_CONVERSION = YES;
				GCC_WARN_ABOUT_RETURN_TYPE = YES_ERROR;
				GCC_WARN_UNDECLARED_SELECTOR = YES;
				GCC_WARN_UNINITIALIZED_AUTOS = YES_AGGRESSIVE;
				GCC_WARN_UNUSED_FUNCTION = YES;
				GCC_WARN_UNUSED_VARIABLE = YES;
				IPHONEOS_DEPLOYMENT_TARGET = 9.2;
				MTL_ENABLE_DEBUG_INFO = NO;
				SDKROOT = iphoneos;
				VALIDATE_PRODUCT = YES;
			};
			name = Release;
		};
		2315958C1C846DA3009C3607 /* Debug */ = {
			isa = XCBuildConfiguration;
			buildSettings = {
				ASSETCATALOG_COMPILER_APPICON_NAME = AppIcon;
				CODE_SIGN_IDENTITY = "iPhone Developer";
				"CODE_SIGN_IDENTITY[sdk=iphoneos*]" = "iPhone Developer: pengjie liu (Z9SMR7CNQ7)";
				INFOPLIST_FILE = ApplePay/Info.plist;
				LD_RUNPATH_SEARCH_PATHS = "$(inherited) @executable_path/Frameworks";
				PRODUCT_BUNDLE_IDENTIFIER = bukaopu.XQbukaopuPay;
				PRODUCT_NAME = "$(TARGET_NAME)";
				PROVISIONING_PROFILE = "83fd6b73-bd79-49c1-aaf7-6ba026ee9efb";
			};
			name = Debug;
		};
		2315958D1C846DA3009C3607 /* Release */ = {
			isa = XCBuildConfiguration;
			buildSettings = {
				ASSETCATALOG_COMPILER_APPICON_NAME = AppIcon;
				CODE_SIGN_IDENTITY = "iPhone Developer";
				INFOPLIST_FILE = ApplePay/Info.plist;
				LD_RUNPATH_SEARCH_PATHS = "$(inherited) @executable_path/Frameworks";
				PRODUCT_BUNDLE_IDENTIFIER = bukaopu.XQbukaopuPay;
				PRODUCT_NAME = "$(TARGET_NAME)";
				PROVISIONING_PROFILE = "83fd6b73-bd79-49c1-aaf7-6ba026ee9efb";
			};
			name = Release;
		};
/* End XCBuildConfiguration section */

/* Begin XCConfigurationList section */
		2315956F1C846DA2009C3607 /* Build configuration list for PBXProject "ApplePay" */ = {
			isa = XCConfigurationList;
			buildConfigurations = (
				231595891C846DA3009C3607 /* Debug */,
				2315958A1C846DA3009C3607 /* Release */,
			);
			defaultConfigurationIsVisible = 0;
			defaultConfigurationName = Release;
		};
		2315958B1C846DA3009C3607 /* Build configuration list for PBXNativeTarget "ApplePay" */ = {
			isa = XCConfigurationList;
			buildConfigurations = (
				2315958C1C846DA3009C3607 /* Debug */,
				2315958D1C846DA3009C3607 /* Release */,
			);
			defaultConfigurationIsVisible = 0;
		};
/* End XCConfigurationList section */
	};
	rootObject = 2315956C1C846DA2009C3607 /* Project object */;
}
